lockfileVersion: 5.3

specifiers:
  body-parser: ^1.19.0
  express: ^4.17.1
  moment: ^2.29.1
  mysql2: ^2.3.0
  retry-as-promised: ^4.0.0
  sequelize: ^6.6.5

dependencies:
  body-parser: 1.19.0
  express: 4.17.1
  moment: 2.29.1
  mysql2: registry.nlark.com/mysql2/2.3.0
  retry-as-promised: registry.nlark.com/retry-as-promised/4.0.0
  sequelize: registry.nlark.com/sequelize/6.6.5_mysql2@2.3.0

packages:

  /accepts/1.3.7:
    resolution: {integrity: sha1-UxvHJlF6OytB+FACHGzBXqq1B80=, tarball: https://registry.npm.taobao.org/accepts/download/accepts-1.3.7.tgz}
    engines: {node: '>= 0.6'}
    dependencies:
      mime-types: registry.nlark.com/mime-types/2.1.32
      negotiator: 0.6.2
    dev: false

  /any-promise/1.3.0:
    resolution: {integrity: sha1-q8av7tzqUugJzcA3au0845Y10X8=, tarball: https://registry.npm.taobao.org/any-promise/download/any-promise-1.3.0.tgz}
    dev: false

  /array-flatten/1.1.1:
    resolution: {integrity: sha1-ml9pkFGx5wczKPKgCJaLZOopVdI=, tarball: https://registry.npm.taobao.org/array-flatten/download/array-flatten-1.1.1.tgz}
    dev: false

  /body-parser/1.19.0:
    resolution: {integrity: sha1-lrJwnlfJxOCab9Zqj9l5hE9p8Io=, tarball: https://registry.npm.taobao.org/body-parser/download/body-parser-1.19.0.tgz}
    engines: {node: '>= 0.8'}
    dependencies:
      bytes: 3.1.0
      content-type: 1.0.4
      debug: registry.nlark.com/debug/2.6.9
      depd: 1.1.2
      http-errors: 1.7.2
      iconv-lite: registry.nlark.com/iconv-lite/0.4.24
      on-finished: 2.3.0
      qs: 6.7.0
      raw-body: 2.4.0
      type-is: 1.6.18
    dev: false

  /bytes/3.1.0:
    resolution: {integrity: sha1-9s95M6Ng4FiPqf3oVlHNx/gF0fY=, tarball: https://registry.npm.taobao.org/bytes/download/bytes-3.1.0.tgz}
    engines: {node: '>= 0.8'}
    dev: false

  /content-disposition/0.5.3:
    resolution: {integrity: sha1-4TDK9+cnkIfFYWwgB9BIVpiYT70=, tarball: https://registry.npm.taobao.org/content-disposition/download/content-disposition-0.5.3.tgz}
    engines: {node: '>= 0.6'}
    dependencies:
      safe-buffer: 5.1.2
    dev: false

  /content-type/1.0.4:
    resolution: {integrity: sha1-4TjMdeBAxyexlm/l5fjJruJW/js=, tarball: https://registry.npm.taobao.org/content-type/download/content-type-1.0.4.tgz}
    engines: {node: '>= 0.6'}
    dev: false

  /cookie-signature/1.0.6:
    resolution: {integrity: sha1-4wOogrNCzD7oylE6eZmXNNqzriw=, tarball: https://registry.npm.taobao.org/cookie-signature/download/cookie-signature-1.0.6.tgz}
    dev: false

  /cookie/0.4.0:
    resolution: {integrity: sha1-vrQ35wIrO21JAZ0IhmUwPr6cFLo=, tarball: https://registry.npm.taobao.org/cookie/download/cookie-0.4.0.tgz}
    engines: {node: '>= 0.6'}
    dev: false

  /depd/1.1.2:
    resolution: {integrity: sha1-m81S4UwJd2PnSbJ0xDRu0uVgtak=, tarball: https://registry.npm.taobao.org/depd/download/depd-1.1.2.tgz}
    engines: {node: '>= 0.6'}
    dev: false

  /destroy/1.0.4:
    resolution: {integrity: sha1-l4hXRCxEdJ5CBmE+N5RiBYJqvYA=, tarball: https://registry.npm.taobao.org/destroy/download/destroy-1.0.4.tgz}
    dev: false

  /ee-first/1.1.1:
    resolution: {integrity: sha1-WQxhFWsK4vTwJVcyoViyZrxWsh0=, tarball: https://registry.npm.taobao.org/ee-first/download/ee-first-1.1.1.tgz}
    dev: false

  /encodeurl/1.0.2:
    resolution: {integrity: sha1-rT/0yG7C0CkyL1oCw6mmBslbP1k=, tarball: https://registry.npm.taobao.org/encodeurl/download/encodeurl-1.0.2.tgz}
    engines: {node: '>= 0.8'}
    dev: false

  /escape-html/1.0.3:
    resolution: {integrity: sha1-Aljq5NPQwJdN4cFpGI7wBR0dGYg=, tarball: https://registry.npm.taobao.org/escape-html/download/escape-html-1.0.3.tgz}
    dev: false

  /etag/1.8.1:
    resolution: {integrity: sha1-Qa4u62XvpiJorr/qg6x9eSmbCIc=, tarball: https://registry.npm.taobao.org/etag/download/etag-1.8.1.tgz}
    engines: {node: '>= 0.6'}
    dev: false

  /express/4.17.1:
    resolution: {integrity: sha1-RJH8OGBc9R+GKdOcK10Cb5ikwTQ=, tarball: https://registry.npm.taobao.org/express/download/express-4.17.1.tgz}
    engines: {node: '>= 0.10.0'}
    dependencies:
      accepts: 1.3.7
      array-flatten: 1.1.1
      body-parser: 1.19.0
      content-disposition: 0.5.3
      content-type: 1.0.4
      cookie: 0.4.0
      cookie-signature: 1.0.6
      debug: registry.nlark.com/debug/2.6.9
      depd: 1.1.2
      encodeurl: 1.0.2
      escape-html: 1.0.3
      etag: 1.8.1
      finalhandler: 1.1.2
      fresh: 0.5.2
      merge-descriptors: 1.0.1
      methods: 1.1.2
      on-finished: 2.3.0
      parseurl: registry.nlark.com/parseurl/1.3.3
      path-to-regexp: 0.1.7
      proxy-addr: registry.nlark.com/proxy-addr/2.0.7
      qs: 6.7.0
      range-parser: 1.2.1
      safe-buffer: 5.1.2
      send: registry.nlark.com/send/0.17.1
      serve-static: 1.14.1
      setprototypeof: 1.1.1
      statuses: 1.5.0
      type-is: 1.6.18
      utils-merge: 1.0.1
      vary: 1.1.2
    dev: false

  /finalhandler/1.1.2:
    resolution: {integrity: sha1-t+fQAP/RGTjQ/bBTUG9uur6fWH0=, tarball: https://registry.npm.taobao.org/finalhandler/download/finalhandler-1.1.2.tgz}
    engines: {node: '>= 0.8'}
    dependencies:
      debug: registry.nlark.com/debug/2.6.9
      encodeurl: 1.0.2
      escape-html: 1.0.3
      on-finished: 2.3.0
      parseurl: registry.nlark.com/parseurl/1.3.3
      statuses: 1.5.0
      unpipe: 1.0.0
    dev: false

  /fresh/0.5.2:
    resolution: {integrity: sha1-PYyt2Q2XZWn6g1qx+OSyOhBWBac=, tarball: https://registry.npm.taobao.org/fresh/download/fresh-0.5.2.tgz}
    engines: {node: '>= 0.6'}
    dev: false

  /generate-function/2.3.1:
    resolution: {integrity: sha1-8GlhdpDBDIaOc7hGV0Z2T5fDR58=, tarball: https://registry.npm.taobao.org/generate-function/download/generate-function-2.3.1.tgz}
    dependencies:
      is-property: 1.0.2
    dev: false

  /http-errors/1.7.2:
    resolution: {integrity: sha1-T1ApzxMjnzEDblsuVSkrz7zIXI8=, tarball: https://registry.npm.taobao.org/http-errors/download/http-errors-1.7.2.tgz}
    engines: {node: '>= 0.6'}
    dependencies:
      depd: 1.1.2
      inherits: 2.0.3
      setprototypeof: 1.1.1
      statuses: 1.5.0
      toidentifier: 1.0.0
    dev: false

  /http-errors/1.7.3:
    resolution: {integrity: sha1-bGGeT5xgMIw4UZSYwU+7EKrOuwY=, tarball: https://registry.npm.taobao.org/http-errors/download/http-errors-1.7.3.tgz}
    engines: {node: '>= 0.6'}
    dependencies:
      depd: 1.1.2
      inherits: 2.0.4
      setprototypeof: 1.1.1
      statuses: 1.5.0
      toidentifier: 1.0.0
    dev: false

  /inherits/2.0.3:
    resolution: {integrity: sha1-Yzwsg+PaQqUC9SRmAiSA9CCCYd4=, tarball: https://registry.npm.taobao.org/inherits/download/inherits-2.0.3.tgz}
    dev: false

  /inherits/2.0.4:
    resolution: {integrity: sha1-D6LGT5MpF8NDOg3tVTY6rjdBa3w=, tarball: https://registry.npm.taobao.org/inherits/download/inherits-2.0.4.tgz}
    dev: false

  /is-property/1.0.2:
    resolution: {integrity: sha1-V/4cTkhHTt1lsJkR8msc1Ald2oQ=, tarball: https://registry.npm.taobao.org/is-property/download/is-property-1.0.2.tgz}
    dev: false

  /lodash/4.17.21:
    resolution: {integrity: sha1-Z5WRxWTDv/quhFTPCz3zcMPWkRw=, tarball: https://registry.npm.taobao.org/lodash/download/lodash-4.17.21.tgz}
    dev: false

  /long/4.0.0:
    resolution: {integrity: sha1-mntxz7fTYaGU6lVSQckvdGjVvyg=, tarball: https://registry.npm.taobao.org/long/download/long-4.0.0.tgz}
    dev: false

  /lru-cache/4.1.5:
    resolution: {integrity: sha1-i75Q6oW+1ZvJ4z3KuCNe6bz0Q80=, tarball: https://registry.npm.taobao.org/lru-cache/download/lru-cache-4.1.5.tgz}
    dependencies:
      pseudomap: 1.0.2
      yallist: 2.1.2
    dev: false

  /lru-cache/6.0.0:
    resolution: {integrity: sha1-bW/mVw69lqr5D8rR2vo7JWbbOpQ=, tarball: https://registry.npm.taobao.org/lru-cache/download/lru-cache-6.0.0.tgz}
    engines: {node: '>=10'}
    dependencies:
      yallist: 4.0.0
    dev: false

  /media-typer/0.3.0:
    resolution: {integrity: sha1-hxDXrwqmJvj/+hzgAWhUUmMlV0g=, tarball: https://registry.npm.taobao.org/media-typer/download/media-typer-0.3.0.tgz}
    engines: {node: '>= 0.6'}
    dev: false

  /merge-descriptors/1.0.1:
    resolution: {integrity: sha1-sAqqVW3YtEVoFQ7J0blT8/kMu2E=, tarball: https://registry.npm.taobao.org/merge-descriptors/download/merge-descriptors-1.0.1.tgz}
    dev: false

  /methods/1.1.2:
    resolution: {integrity: sha1-VSmk1nZUE07cxSZmVoNbD4Ua/O4=, tarball: https://registry.npm.taobao.org/methods/download/methods-1.1.2.tgz}
    engines: {node: '>= 0.6'}
    dev: false

  /mime/1.6.0:
    resolution: {integrity: sha1-Ms2eXGRVO9WNGaVor0Uqz/BJgbE=, tarball: https://registry.npm.taobao.org/mime/download/mime-1.6.0.tgz}
    engines: {node: '>=4'}
    hasBin: true
    dev: false

  /moment-timezone/0.5.33:
    resolution: {integrity: sha1-slL9a7V/NBybWaWrYajlGnO70iw=, tarball: https://registry.npm.taobao.org/moment-timezone/download/moment-timezone-0.5.33.tgz}
    dependencies:
      moment: 2.29.1
    dev: false

  /moment/2.29.1:
    resolution: {integrity: sha1-sr52n6MZQL6e7qZGnAdeNQBvo9M=, tarball: https://registry.npm.taobao.org/moment/download/moment-2.29.1.tgz}
    dev: false

  /named-placeholders/1.1.2:
    resolution: {integrity: sha1-zrH7/1C2szSStc8hTM9eOc7z0Og=, tarball: https://registry.npm.taobao.org/named-placeholders/download/named-placeholders-1.1.2.tgz}
    engines: {node: '>=6.0.0'}
    dependencies:
      lru-cache: 4.1.5
    dev: false

  /negotiator/0.6.2:
    resolution: {integrity: sha1-/qz3zPUlp3rpY0Q2pkiD/+yjRvs=, tarball: https://registry.npm.taobao.org/negotiator/download/negotiator-0.6.2.tgz}
    engines: {node: '>= 0.6'}
    dev: false

  /on-finished/2.3.0:
    resolution: {integrity: sha1-IPEzZIGwg811M3mSoWlxqi2QaUc=, tarball: https://registry.npm.taobao.org/on-finished/download/on-finished-2.3.0.tgz}
    engines: {node: '>= 0.8'}
    dependencies:
      ee-first: 1.1.1
    dev: false

  /path-to-regexp/0.1.7:
    resolution: {integrity: sha1-32BBeABfUi8V60SQ5yR6G/qmf4w=, tarball: https://registry.npm.taobao.org/path-to-regexp/download/path-to-regexp-0.1.7.tgz}
    dev: false

  /pseudomap/1.0.2:
    resolution: {integrity: sha1-8FKijacOYYkX7wqKw0wa5aaChrM=, tarball: https://registry.npm.taobao.org/pseudomap/download/pseudomap-1.0.2.tgz}
    dev: false

  /qs/6.7.0:
    resolution: {integrity: sha1-QdwaAV49WB8WIXdr4xr7KHapsbw=, tarball: https://registry.npm.taobao.org/qs/download/qs-6.7.0.tgz}
    engines: {node: '>=0.6'}
    dev: false

  /range-parser/1.2.1:
    resolution: {integrity: sha1-PPNwI9GZ4cJNGlW4SADC8+ZGgDE=, tarball: https://registry.npm.taobao.org/range-parser/download/range-parser-1.2.1.tgz}
    engines: {node: '>= 0.6'}
    dev: false

  /raw-body/2.4.0:
    resolution: {integrity: sha1-oc5vucm8NWylLoklarWQWeE9AzI=, tarball: https://registry.npm.taobao.org/raw-body/download/raw-body-2.4.0.tgz}
    engines: {node: '>= 0.8'}
    dependencies:
      bytes: 3.1.0
      http-errors: 1.7.2
      iconv-lite: registry.nlark.com/iconv-lite/0.4.24
      unpipe: 1.0.0
    dev: false

  /safe-buffer/5.1.2:
    resolution: {integrity: sha1-mR7GnSluAxN0fVm9/St0XDX4go0=, tarball: https://registry.npm.taobao.org/safe-buffer/download/safe-buffer-5.1.2.tgz}
    dev: false

  /semver/7.3.5:
    resolution: {integrity: sha1-C2Ich5NI2JmOSw5L6Us/EuYBjvc=, tarball: https://registry.npm.taobao.org/semver/download/semver-7.3.5.tgz}
    engines: {node: '>=10'}
    hasBin: true
    dependencies:
      lru-cache: 6.0.0
    dev: false

  /seq-queue/0.0.5:
    resolution: {integrity: sha1-1WgS4cAXpuTnw+Ojeh2m143TyT4=, tarball: https://registry.npm.taobao.org/seq-queue/download/seq-queue-0.0.5.tgz}
    dev: false

  /serve-static/1.14.1:
    resolution: {integrity: sha1-Zm5jbcTwEPfvKZcKiKZ0MgiYsvk=, tarball: https://registry.npm.taobao.org/serve-static/download/serve-static-1.14.1.tgz}
    engines: {node: '>= 0.8.0'}
    dependencies:
      encodeurl: 1.0.2
      escape-html: 1.0.3
      parseurl: registry.nlark.com/parseurl/1.3.3
      send: registry.nlark.com/send/0.17.1
    dev: false

  /setprototypeof/1.1.1:
    resolution: {integrity: sha1-fpWsskqpL1iF4KvvW6ExMw1K5oM=, tarball: https://registry.npm.taobao.org/setprototypeof/download/setprototypeof-1.1.1.tgz}
    dev: false

  /sqlstring/2.3.2:
    resolution: {integrity: sha1-za5xaTiaE3WxjohfLmCz5GCAlRQ=, tarball: https://registry.npm.taobao.org/sqlstring/download/sqlstring-2.3.2.tgz}
    engines: {node: '>= 0.6'}
    dev: false

  /statuses/1.5.0:
    resolution: {integrity: sha1-Fhx9rBd2Wf2YEfQ3cfqZOBR4Yow=, tarball: https://registry.npm.taobao.org/statuses/download/statuses-1.5.0.tgz}
    engines: {node: '>= 0.6'}
    dev: false

  /toidentifier/1.0.0:
    resolution: {integrity: sha1-fhvjRw8ed5SLxD2Uo8j013UrpVM=, tarball: https://registry.npm.taobao.org/toidentifier/download/toidentifier-1.0.0.tgz}
    engines: {node: '>=0.6'}
    dev: false

  /type-is/1.6.18:
    resolution: {integrity: sha1-TlUs0F3wlGfcvE73Od6J8s83wTE=, tarball: https://registry.npm.taobao.org/type-is/download/type-is-1.6.18.tgz}
    engines: {node: '>= 0.6'}
    dependencies:
      media-typer: 0.3.0
      mime-types: registry.nlark.com/mime-types/2.1.32
    dev: false

  /unpipe/1.0.0:
    resolution: {integrity: sha1-sr9O6FFKrmFltIF4KdIbLvSZBOw=, tarball: https://registry.npm.taobao.org/unpipe/download/unpipe-1.0.0.tgz}
    engines: {node: '>= 0.8'}
    dev: false

  /utils-merge/1.0.1:
    resolution: {integrity: sha1-n5VxD1CiZ5R7LMwSR0HBAoQn5xM=, tarball: https://registry.npm.taobao.org/utils-merge/download/utils-merge-1.0.1.tgz}
    engines: {node: '>= 0.4.0'}
    dev: false

  /vary/1.1.2:
    resolution: {integrity: sha1-IpnwLG3tMNSllhsLn3RSShj2NPw=, tarball: https://registry.npm.taobao.org/vary/download/vary-1.1.2.tgz}
    engines: {node: '>= 0.8'}
    dev: false

  /yallist/2.1.2:
    resolution: {integrity: sha1-HBH5IY8HYImkfdUS+TxmmaaoHVI=, tarball: https://registry.npm.taobao.org/yallist/download/yallist-2.1.2.tgz}
    dev: false

  /yallist/4.0.0:
    resolution: {integrity: sha1-m7knkNnA7/7GO+c1GeEaNQGaOnI=, tarball: https://registry.npm.taobao.org/yallist/download/yallist-4.0.0.tgz}
    dev: false

  registry.nlark.com/@types/node/16.9.2:
    resolution: {integrity: sha1-gfWgOdbtGUH4zFdQbHTnwrj8ZLk=, registry: http://registry.npm.taobao.org/, tarball: https://registry.nlark.com/@types/node/download/@types/node-16.9.2.tgz}
    name: '@types/node'
    version: 16.9.2
    dev: false

  registry.nlark.com/debug/2.6.9:
    resolution: {integrity: sha1-XRKFFd8TT/Mn6QpMk/Tgd6U2NB8=, registry: http://registry.npm.taobao.org/, tarball: https://registry.nlark.com/debug/download/debug-2.6.9.tgz}
    name: debug
    version: 2.6.9
    dependencies:
      ms: registry.nlark.com/ms/2.0.0
    dev: false

  registry.nlark.com/debug/4.3.2:
    resolution: {integrity: sha1-8KScGKyHeeMdSgxgKd+3aHPHQos=, registry: http://registry.npm.taobao.org/, tarball: https://registry.nlark.com/debug/download/debug-4.3.2.tgz}
    name: debug
    version: 4.3.2
    engines: {node: '>=6.0'}
    peerDependencies:
      supports-color: '*'
    peerDependenciesMeta:
      supports-color:
        optional: true
    dependencies:
      ms: registry.nlark.com/ms/2.1.2
    dev: false

  registry.nlark.com/denque/1.5.1:
    resolution: {integrity: sha1-B/Zw4pyaePj67LJWah4sEZKcXL8=, registry: http://registry.npm.taobao.org/, tarball: https://registry.nlark.com/denque/download/denque-1.5.1.tgz}
    name: denque
    version: 1.5.1
    engines: {node: '>=0.10'}
    dev: false

  registry.nlark.com/dottie/2.0.2:
    resolution: {integrity: sha1-zJHAcmzjoFTr8RxV+8kqfyZt0VQ=, registry: http://registry.npm.taobao.org/, tarball: https://registry.nlark.com/dottie/download/dottie-2.0.2.tgz}
    name: dottie
    version: 2.0.2
    dev: false

  registry.nlark.com/forwarded/0.2.0:
    resolution: {integrity: sha1-ImmTZCiq1MFcfr6XeahL8LKoGBE=, registry: http://registry.npm.taobao.org/, tarball: https://registry.nlark.com/forwarded/download/forwarded-0.2.0.tgz}
    name: forwarded
    version: 0.2.0
    engines: {node: '>= 0.6'}
    dev: false

  registry.nlark.com/iconv-lite/0.4.24:
    resolution: {integrity: sha1-ICK0sl+93CHS9SSXSkdKr+czkIs=, registry: http://registry.npm.taobao.org/, tarball: https://registry.nlark.com/iconv-lite/download/iconv-lite-0.4.24.tgz}
    name: iconv-lite
    version: 0.4.24
    engines: {node: '>=0.10.0'}
    dependencies:
      safer-buffer: registry.nlark.com/safer-buffer/2.1.2
    dev: false

  registry.nlark.com/iconv-lite/0.6.3:
    resolution: {integrity: sha1-pS+AvzjaGVLrXGgXkHGYcaGnJQE=, registry: http://registry.npm.taobao.org/, tarball: https://registry.nlark.com/iconv-lite/download/iconv-lite-0.6.3.tgz}
    name: iconv-lite
    version: 0.6.3
    engines: {node: '>=0.10.0'}
    dependencies:
      safer-buffer: registry.nlark.com/safer-buffer/2.1.2
    dev: false

  registry.nlark.com/inflection/1.13.1:
    resolution: {integrity: sha1-xcrdgIiKkM+EwuluNA1+3IXV8Ms=, registry: http://registry.npm.taobao.org/, tarball: https://registry.nlark.com/inflection/download/inflection-1.13.1.tgz}
    name: inflection
    version: 1.13.1
    engines: {'0': node >= 0.4.0}
    dev: false

  registry.nlark.com/ipaddr.js/1.9.1:
    resolution: {integrity: sha1-v/OFQ+64mEglB5/zoqjmy9RngbM=, registry: http://registry.npm.taobao.org/, tarball: https://registry.nlark.com/ipaddr.js/download/ipaddr.js-1.9.1.tgz}
    name: ipaddr.js
    version: 1.9.1
    engines: {node: '>= 0.10'}
    dev: false

  registry.nlark.com/mime-db/1.49.0:
    resolution: {integrity: sha1-89/eYMmenPO8lwHWh3ePU3ABy+0=, registry: http://registry.npm.taobao.org/, tarball: https://registry.nlark.com/mime-db/download/mime-db-1.49.0.tgz}
    name: mime-db
    version: 1.49.0
    engines: {node: '>= 0.6'}
    dev: false

  registry.nlark.com/mime-types/2.1.32:
    resolution: {integrity: sha1-HQDonn3n/gIAjbYQAdngKFJnD9U=, registry: http://registry.npm.taobao.org/, tarball: https://registry.nlark.com/mime-types/download/mime-types-2.1.32.tgz}
    name: mime-types
    version: 2.1.32
    engines: {node: '>= 0.6'}
    dependencies:
      mime-db: registry.nlark.com/mime-db/1.49.0
    dev: false

  registry.nlark.com/ms/2.0.0:
    resolution: {integrity: sha1-VgiurfwAvmwpAd9fmGF4jeDVl8g=, registry: http://registry.npm.taobao.org/, tarball: https://registry.nlark.com/ms/download/ms-2.0.0.tgz}
    name: ms
    version: 2.0.0
    dev: false

  registry.nlark.com/ms/2.1.1:
    resolution: {integrity: sha1-MKWGTrPrsKZvLr5tcnrwagnYbgo=, registry: http://registry.npm.taobao.org/, tarball: https://registry.nlark.com/ms/download/ms-2.1.1.tgz}
    name: ms
    version: 2.1.1
    dev: false

  registry.nlark.com/ms/2.1.2:
    resolution: {integrity: sha1-0J0fNXtEP0kzgqjrPM0YOHKuYAk=, registry: http://registry.npm.taobao.org/, tarball: https://registry.nlark.com/ms/download/ms-2.1.2.tgz}
    name: ms
    version: 2.1.2
    dev: false

  registry.nlark.com/mysql2/2.3.0:
    resolution: {integrity: sha1-YA9cwn45fft3tZ6sk2ZkNPiOgHk=, registry: http://registry.npm.taobao.org/, tarball: https://registry.nlark.com/mysql2/download/mysql2-2.3.0.tgz}
    name: mysql2
    version: 2.3.0
    engines: {node: '>= 8.0'}
    dependencies:
      denque: registry.nlark.com/denque/1.5.1
      generate-function: 2.3.1
      iconv-lite: registry.nlark.com/iconv-lite/0.6.3
      long: 4.0.0
      lru-cache: 6.0.0
      named-placeholders: 1.1.2
      seq-queue: 0.0.5
      sqlstring: 2.3.2
    dev: false

  registry.nlark.com/parseurl/1.3.3:
    resolution: {integrity: sha1-naGee+6NEt/wUT7Vt2lXeTvC6NQ=, registry: http://registry.npm.taobao.org/, tarball: https://registry.nlark.com/parseurl/download/parseurl-1.3.3.tgz}
    name: parseurl
    version: 1.3.3
    engines: {node: '>= 0.8'}
    dev: false

  registry.nlark.com/proxy-addr/2.0.7:
    resolution: {integrity: sha1-8Z/mnOqzEe65S0LnDowgcPm6ECU=, registry: http://registry.npm.taobao.org/, tarball: https://registry.nlark.com/proxy-addr/download/proxy-addr-2.0.7.tgz}
    name: proxy-addr
    version: 2.0.7
    engines: {node: '>= 0.10'}
    dependencies:
      forwarded: registry.nlark.com/forwarded/0.2.0
      ipaddr.js: registry.nlark.com/ipaddr.js/1.9.1
    dev: false

  registry.nlark.com/retry-as-promised/3.2.0:
    resolution: {integrity: sha1-dp9j1Ta+xHg1SdsHd8tW2t2dhUM=, registry: http://registry.npm.taobao.org/, tarball: https://registry.nlark.com/retry-as-promised/download/retry-as-promised-3.2.0.tgz}
    name: retry-as-promised
    version: 3.2.0
    dependencies:
      any-promise: 1.3.0
    dev: false

  registry.nlark.com/retry-as-promised/4.0.0:
    resolution: {integrity: sha1-4Z3GNHSGD3UeNxzMy/oW9sHv6qA=, registry: http://registry.npm.taobao.org/, tarball: https://registry.nlark.com/retry-as-promised/download/retry-as-promised-4.0.0.tgz}
    name: retry-as-promised
    version: 4.0.0
    dependencies:
      any-promise: 1.3.0
    dev: false

  registry.nlark.com/safer-buffer/2.1.2:
    resolution: {integrity: sha1-RPoWGwGHuVSd2Eu5GAL5vYOFzWo=, registry: http://registry.npm.taobao.org/, tarball: https://registry.nlark.com/safer-buffer/download/safer-buffer-2.1.2.tgz}
    name: safer-buffer
    version: 2.1.2
    dev: false

  registry.nlark.com/send/0.17.1:
    resolution: {integrity: sha1-wdiwWfeQD3Rm3Uk4vcROEd2zdsg=, registry: http://registry.npm.taobao.org/, tarball: https://registry.nlark.com/send/download/send-0.17.1.tgz}
    name: send
    version: 0.17.1
    engines: {node: '>= 0.8.0'}
    dependencies:
      debug: registry.nlark.com/debug/2.6.9
      depd: 1.1.2
      destroy: 1.0.4
      encodeurl: 1.0.2
      escape-html: 1.0.3
      etag: 1.8.1
      fresh: 0.5.2
      http-errors: 1.7.3
      mime: 1.6.0
      ms: registry.nlark.com/ms/2.1.1
      on-finished: 2.3.0
      range-parser: 1.2.1
      statuses: 1.5.0
    dev: false

  registry.nlark.com/sequelize-pool/6.1.0:
    resolution: {integrity: sha1-yqoMHjJNPCw6OZ/tLHmYlwkl1mg=, registry: http://registry.npm.taobao.org/, tarball: https://registry.nlark.com/sequelize-pool/download/sequelize-pool-6.1.0.tgz}
    name: sequelize-pool
    version: 6.1.0
    engines: {node: '>= 10.0.0'}
    dev: false

  registry.nlark.com/sequelize/6.6.5_mysql2@2.3.0:
    resolution: {integrity: sha1-b2GOmfPfH8gfKHCeijE5zsPvHww=, registry: http://registry.npm.taobao.org/, tarball: https://registry.nlark.com/sequelize/download/sequelize-6.6.5.tgz}
    id: registry.nlark.com/sequelize/6.6.5
    name: sequelize
    version: 6.6.5
    engines: {node: '>=10.0.0'}
    peerDependencies:
      mariadb: '*'
      mysql2: '*'
      pg: '*'
      pg-hstore: '*'
      sqlite3: '*'
      tedious: '*'
    peerDependenciesMeta:
      mariadb:
        optional: true
      mysql2:
        optional: true
      pg:
        optional: true
      pg-hstore:
        optional: true
      sqlite3:
        optional: true
      tedious:
        optional: true
    dependencies:
      debug: registry.nlark.com/debug/4.3.2
      dottie: registry.nlark.com/dottie/2.0.2
      inflection: registry.nlark.com/inflection/1.13.1
      lodash: 4.17.21
      moment: 2.29.1
      moment-timezone: 0.5.33
      mysql2: registry.nlark.com/mysql2/2.3.0
      retry-as-promised: registry.nlark.com/retry-as-promised/3.2.0
      semver: 7.3.5
      sequelize-pool: registry.nlark.com/sequelize-pool/6.1.0
      toposort-class: registry.nlark.com/toposort-class/1.0.1
      uuid: registry.nlark.com/uuid/8.3.2
      validator: registry.nlark.com/validator/13.6.0
      wkx: registry.nlark.com/wkx/0.5.0
    transitivePeerDependencies:
      - supports-color
    dev: false

  registry.nlark.com/toposort-class/1.0.1:
    resolution: {integrity: sha1-f/0feMi+KMO6Rc1OGj9e4ZO9mYg=, registry: http://registry.npm.taobao.org/, tarball: https://registry.nlark.com/toposort-class/download/toposort-class-1.0.1.tgz}
    name: toposort-class
    version: 1.0.1
    dev: false

  registry.nlark.com/uuid/8.3.2:
    resolution: {integrity: sha1-gNW1ztJxu5r2xEXyGhoExgbO++I=, registry: http://registry.npm.taobao.org/, tarball: https://registry.nlark.com/uuid/download/uuid-8.3.2.tgz}
    name: uuid
    version: 8.3.2
    hasBin: true
    dev: false

  registry.nlark.com/validator/13.6.0:
    resolution: {integrity: sha1-HnGJnBTNx7IGhGPLJMHMFvbscFk=, registry: http://registry.npm.taobao.org/, tarball: https://registry.nlark.com/validator/download/validator-13.6.0.tgz?cache=0&other_urls=https%3A%2F%2Fregistry.nlark.com%2Fvalidator%2Fdownload%2Fvalidator-13.6.0.tgz}
    name: validator
    version: 13.6.0
    engines: {node: '>= 0.10'}
    dev: false

  registry.nlark.com/wkx/0.5.0:
    resolution: {integrity: sha1-xsNwGaz0DlF8xrlGV6JaPUqjPow=, registry: http://registry.npm.taobao.org/, tarball: https://registry.nlark.com/wkx/download/wkx-0.5.0.tgz}
    name: wkx
    version: 0.5.0
    dependencies:
      '@types/node': registry.nlark.com/@types/node/16.9.2
    dev: false
